// !$*UTF8*$!
{
	archiveVersion = 1;
	classes = {
	};
	objectVersion = 56;
	objects = {

/* Begin PBXBuildFile section */
		8527175E2D09B3A900131E4B /* AppDelegate.swift in Sources */ = {isa = PBXBuildFile; fileRef = 8527175D2D09B3A900131E4B /* AppDelegate.swift */; };
		852717602D09B3A900131E4B /* SceneDelegate.swift in Sources */ = {isa = PBXBuildFile; fileRef = 8527175F2D09B3A900131E4B /* SceneDelegate.swift */; };
		852717622D09B3A900131E4B /* AdListViewController.swift in Sources */ = {isa = PBXBuildFile; fileRef = 852717612D09B3A900131E4B /* AdListViewController.swift */; };
		852717652D09B3A900131E4B /* Base in Resources */ = {isa = PBXBuildFile; fileRef = 852717642D09B3A900131E4B /* Base */; };
		852717672D09B3AA00131E4B /* Assets.xcassets in Resources */ = {isa = PBXBuildFile; fileRef = 852717662D09B3AA00131E4B /* Assets.xcassets */; };
		8527176A2D09B3AA00131E4B /* Base in Resources */ = {isa = PBXBuildFile; fileRef = 852717692D09B3AA00131E4B /* Base */; };
		852717842D09B62C00131E4B /* IdealistaRepositoryProtocol.swift in Sources */ = {isa = PBXBuildFile; fileRef = 852717732D09B62C00131E4B /* IdealistaRepositoryProtocol.swift */; };
		852717872D09B62C00131E4B /* LocalIdealistaDataSource.swift in Sources */ = {isa = PBXBuildFile; fileRef = 852717792D09B62C00131E4B /* LocalIdealistaDataSource.swift */; };
		852717882D09B62C00131E4B /* IdealistaRepository.swift in Sources */ = {isa = PBXBuildFile; fileRef = 8527177C2D09B62C00131E4B /* IdealistaRepository.swift */; };
		8527178A2D09B62C00131E4B /* detail.json in Resources */ = {isa = PBXBuildFile; fileRef = 852717802D09B62C00131E4B /* detail.json */; };
		8527178B2D09B62C00131E4B /* list.json in Resources */ = {isa = PBXBuildFile; fileRef = 852717812D09B62C00131E4B /* list.json */; };
		853831F92D0B3FAB00BBA26F /* FetchAdListUseCaseProtocol.swift in Sources */ = {isa = PBXBuildFile; fileRef = 853831F42D0B3FAB00BBA26F /* FetchAdListUseCaseProtocol.swift */; };
		853831FA2D0B3FAB00BBA26F /* LoadFavoritesAdsUseCase.swift in Sources */ = {isa = PBXBuildFile; fileRef = 853831F52D0B3FAB00BBA26F /* LoadFavoritesAdsUseCase.swift */; };
		853831FB2D0B3FAB00BBA26F /* SaveFavoriteAdsUseCase.swift in Sources */ = {isa = PBXBuildFile; fileRef = 853831F62D0B3FAB00BBA26F /* SaveFavoriteAdsUseCase.swift */; };
		853831FC2D0B3FAB00BBA26F /* FetchAdListUseCase.swift in Sources */ = {isa = PBXBuildFile; fileRef = 853831F82D0B3FAB00BBA26F /* FetchAdListUseCase.swift */; };
		853831FF2D0B3FBF00BBA26F /* StringExtension.swift in Sources */ = {isa = PBXBuildFile; fileRef = 853831FD2D0B3FBF00BBA26F /* StringExtension.swift */; };
		853832012D0B404500BBA26F /* FavoriteAdsDataSource.swift in Sources */ = {isa = PBXBuildFile; fileRef = 853832002D0B404500BBA26F /* FavoriteAdsDataSource.swift */; };
		853832032D0B405400BBA26F /* FavoritesRepository.swift in Sources */ = {isa = PBXBuildFile; fileRef = 853832022D0B405400BBA26F /* FavoritesRepository.swift */; };
		853832062D0B407C00BBA26F /* Localizable.strings in Resources */ = {isa = PBXBuildFile; fileRef = 853832042D0B407C00BBA26F /* Localizable.strings */; };
		855034F42D09C2F700F385B1 /* AdDetailDTO.swift in Sources */ = {isa = PBXBuildFile; fileRef = 855034E42D09C2F700F385B1 /* AdDetailDTO.swift */; };
		855034F52D09C2F700F385B1 /* EmissionsDTO.swift in Sources */ = {isa = PBXBuildFile; fileRef = 855034E52D09C2F700F385B1 /* EmissionsDTO.swift */; };
		855034F62D09C2F700F385B1 /* EnergyCertificationDTO.swift in Sources */ = {isa = PBXBuildFile; fileRef = 855034E62D09C2F700F385B1 /* EnergyCertificationDTO.swift */; };
		855034F72D09C2F700F385B1 /* EnergyConsumptionDTO.swift in Sources */ = {isa = PBXBuildFile; fileRef = 855034E72D09C2F700F385B1 /* EnergyConsumptionDTO.swift */; };
		855034F82D09C2F700F385B1 /* ImageDetailDTO.swift in Sources */ = {isa = PBXBuildFile; fileRef = 855034E82D09C2F700F385B1 /* ImageDetailDTO.swift */; };
		855034F92D09C2F700F385B1 /* MoreCharacteristicsDTO.swift in Sources */ = {isa = PBXBuildFile; fileRef = 855034E92D09C2F700F385B1 /* MoreCharacteristicsDTO.swift */; };
		855034FA2D09C2F700F385B1 /* PriceInfoDTO.swift in Sources */ = {isa = PBXBuildFile; fileRef = 855034EA2D09C2F700F385B1 /* PriceInfoDTO.swift */; };
		855034FB2D09C2F700F385B1 /* UbicationDTO.swift in Sources */ = {isa = PBXBuildFile; fileRef = 855034EB2D09C2F700F385B1 /* UbicationDTO.swift */; };
		855034FC2D09C2F700F385B1 /* AdDTO.swift in Sources */ = {isa = PBXBuildFile; fileRef = 855034ED2D09C2F700F385B1 /* AdDTO.swift */; };
		855034FD2D09C2F700F385B1 /* FeaturesDTO.swift in Sources */ = {isa = PBXBuildFile; fileRef = 855034EE2D09C2F700F385B1 /* FeaturesDTO.swift */; };
		855034FE2D09C2F700F385B1 /* MultimediaDTO.swift in Sources */ = {isa = PBXBuildFile; fileRef = 855034EF2D09C2F700F385B1 /* MultimediaDTO.swift */; };
		855034FF2D09C2F700F385B1 /* ParkingSpaceDTO.swift in Sources */ = {isa = PBXBuildFile; fileRef = 855034F02D09C2F700F385B1 /* ParkingSpaceDTO.swift */; };
		855035002D09C2F700F385B1 /* PriceDTO.swift in Sources */ = {isa = PBXBuildFile; fileRef = 855034F12D09C2F700F385B1 /* PriceDTO.swift */; };
		8550353B2D09C54A00F385B1 /* Ad.swift in Sources */ = {isa = PBXBuildFile; fileRef = 855035382D09C54A00F385B1 /* Ad.swift */; };
		8550353C2D09C54A00F385B1 /* AdDetail.swift in Sources */ = {isa = PBXBuildFile; fileRef = 855035392D09C54A00F385B1 /* AdDetail.swift */; };
		8550353E2D09C5B600F385B1 /* AdListViewModel.swift in Sources */ = {isa = PBXBuildFile; fileRef = 8550353D2D09C5B600F385B1 /* AdListViewModel.swift */; };
		855035432D09C79500F385B1 /* AdTableViewCell.xib in Resources */ = {isa = PBXBuildFile; fileRef = 855035422D09C79500F385B1 /* AdTableViewCell.xib */; };
		855035452D09C90A00F385B1 /* AdTableViewCell.swift in Sources */ = {isa = PBXBuildFile; fileRef = 855035442D09C90A00F385B1 /* AdTableViewCell.swift */; };
		855035482D09CED900F385B1 /* AdDetailView.swift in Sources */ = {isa = PBXBuildFile; fileRef = 855035472D09CED900F385B1 /* AdDetailView.swift */; };
		8550354A2D09D54A00F385B1 /* AdDetailUseCase.swift in Sources */ = {isa = PBXBuildFile; fileRef = 855035492D09D54A00F385B1 /* AdDetailUseCase.swift */; };
		8550354C2D09D5A700F385B1 /* AdDetailViewModel.swift in Sources */ = {isa = PBXBuildFile; fileRef = 8550354B2D09D5A700F385B1 /* AdDetailViewModel.swift */; };
		8550354E2D09D67D00F385B1 /* AdDetailBuilder.swift in Sources */ = {isa = PBXBuildFile; fileRef = 8550354D2D09D67D00F385B1 /* AdDetailBuilder.swift */; };
/* End PBXBuildFile section */

/* Begin PBXFileReference section */
		8527175A2D09B3A900131E4B /* uikitChallenge.app */ = {isa = PBXFileReference; explicitFileType = wrapper.application; includeInIndex = 0; path = uikitChallenge.app; sourceTree = BUILT_PRODUCTS_DIR; };
		8527175D2D09B3A900131E4B /* AppDelegate.swift */ = {isa = PBXFileReference; lastKnownFileType = sourcecode.swift; path = AppDelegate.swift; sourceTree = "<group>"; };
		8527175F2D09B3A900131E4B /* SceneDelegate.swift */ = {isa = PBXFileReference; lastKnownFileType = sourcecode.swift; path = SceneDelegate.swift; sourceTree = "<group>"; };
		852717612D09B3A900131E4B /* AdListViewController.swift */ = {isa = PBXFileReference; lastKnownFileType = sourcecode.swift; path = AdListViewController.swift; sourceTree = "<group>"; };
		852717642D09B3A900131E4B /* Base */ = {isa = PBXFileReference; lastKnownFileType = file.storyboard; name = Base; path = Base.lproj/AdList.storyboard; sourceTree = "<group>"; };
		852717662D09B3AA00131E4B /* Assets.xcassets */ = {isa = PBXFileReference; lastKnownFileType = folder.assetcatalog; name = Assets.xcassets; path = ../Assets.xcassets; sourceTree = "<group>"; };
		852717692D09B3AA00131E4B /* Base */ = {isa = PBXFileReference; lastKnownFileType = file.storyboard; name = Base; path = Base.lproj/LaunchScreen.storyboard; sourceTree = "<group>"; };
		8527176B2D09B3AA00131E4B /* Info.plist */ = {isa = PBXFileReference; lastKnownFileType = text.plist.xml; path = Info.plist; sourceTree = "<group>"; };
		852717732D09B62C00131E4B /* IdealistaRepositoryProtocol.swift */ = {isa = PBXFileReference; fileEncoding = 4; lastKnownFileType = sourcecode.swift; path = IdealistaRepositoryProtocol.swift; sourceTree = "<group>"; };
		852717792D09B62C00131E4B /* LocalIdealistaDataSource.swift */ = {isa = PBXFileReference; fileEncoding = 4; lastKnownFileType = sourcecode.swift; path = LocalIdealistaDataSource.swift; sourceTree = "<group>"; };
		8527177C2D09B62C00131E4B /* IdealistaRepository.swift */ = {isa = PBXFileReference; fileEncoding = 4; lastKnownFileType = sourcecode.swift; path = IdealistaRepository.swift; sourceTree = "<group>"; };
		852717802D09B62C00131E4B /* detail.json */ = {isa = PBXFileReference; fileEncoding = 4; lastKnownFileType = text.json; path = detail.json; sourceTree = "<group>"; };
		852717812D09B62C00131E4B /* list.json */ = {isa = PBXFileReference; fileEncoding = 4; lastKnownFileType = text.json; path = list.json; sourceTree = "<group>"; };
		853831F42D0B3FAB00BBA26F /* FetchAdListUseCaseProtocol.swift */ = {isa = PBXFileReference; fileEncoding = 4; lastKnownFileType = sourcecode.swift; path = FetchAdListUseCaseProtocol.swift; sourceTree = "<group>"; };
		853831F52D0B3FAB00BBA26F /* LoadFavoritesAdsUseCase.swift */ = {isa = PBXFileReference; fileEncoding = 4; lastKnownFileType = sourcecode.swift; path = LoadFavoritesAdsUseCase.swift; sourceTree = "<group>"; };
		853831F62D0B3FAB00BBA26F /* SaveFavoriteAdsUseCase.swift */ = {isa = PBXFileReference; fileEncoding = 4; lastKnownFileType = sourcecode.swift; path = SaveFavoriteAdsUseCase.swift; sourceTree = "<group>"; };
		853831F82D0B3FAB00BBA26F /* FetchAdListUseCase.swift */ = {isa = PBXFileReference; fileEncoding = 4; lastKnownFileType = sourcecode.swift; path = FetchAdListUseCase.swift; sourceTree = "<group>"; };
		853831FD2D0B3FBF00BBA26F /* StringExtension.swift */ = {isa = PBXFileReference; fileEncoding = 4; lastKnownFileType = sourcecode.swift; path = StringExtension.swift; sourceTree = "<group>"; };
		853832002D0B404500BBA26F /* FavoriteAdsDataSource.swift */ = {isa = PBXFileReference; fileEncoding = 4; lastKnownFileType = sourcecode.swift; path = FavoriteAdsDataSource.swift; sourceTree = "<group>"; };
		853832022D0B405400BBA26F /* FavoritesRepository.swift */ = {isa = PBXFileReference; fileEncoding = 4; lastKnownFileType = sourcecode.swift; path = FavoritesRepository.swift; sourceTree = "<group>"; };
		853832052D0B407C00BBA26F /* en */ = {isa = PBXFileReference; lastKnownFileType = text.plist.strings; name = en; path = en.lproj/Localizable.strings; sourceTree = "<group>"; };
		855034E42D09C2F700F385B1 /* AdDetailDTO.swift */ = {isa = PBXFileReference; fileEncoding = 4; lastKnownFileType = sourcecode.swift; path = AdDetailDTO.swift; sourceTree = "<group>"; };
		855034E52D09C2F700F385B1 /* EmissionsDTO.swift */ = {isa = PBXFileReference; fileEncoding = 4; lastKnownFileType = sourcecode.swift; path = EmissionsDTO.swift; sourceTree = "<group>"; };
		855034E62D09C2F700F385B1 /* EnergyCertificationDTO.swift */ = {isa = PBXFileReference; fileEncoding = 4; lastKnownFileType = sourcecode.swift; path = EnergyCertificationDTO.swift; sourceTree = "<group>"; };
		855034E72D09C2F700F385B1 /* EnergyConsumptionDTO.swift */ = {isa = PBXFileReference; fileEncoding = 4; lastKnownFileType = sourcecode.swift; path = EnergyConsumptionDTO.swift; sourceTree = "<group>"; };
		855034E82D09C2F700F385B1 /* ImageDetailDTO.swift */ = {isa = PBXFileReference; fileEncoding = 4; lastKnownFileType = sourcecode.swift; path = ImageDetailDTO.swift; sourceTree = "<group>"; };
		855034E92D09C2F700F385B1 /* MoreCharacteristicsDTO.swift */ = {isa = PBXFileReference; fileEncoding = 4; lastKnownFileType = sourcecode.swift; path = MoreCharacteristicsDTO.swift; sourceTree = "<group>"; };
		855034EA2D09C2F700F385B1 /* PriceInfoDTO.swift */ = {isa = PBXFileReference; fileEncoding = 4; lastKnownFileType = sourcecode.swift; path = PriceInfoDTO.swift; sourceTree = "<group>"; };
		855034EB2D09C2F700F385B1 /* UbicationDTO.swift */ = {isa = PBXFileReference; fileEncoding = 4; lastKnownFileType = sourcecode.swift; path = UbicationDTO.swift; sourceTree = "<group>"; };
		855034ED2D09C2F700F385B1 /* AdDTO.swift */ = {isa = PBXFileReference; fileEncoding = 4; lastKnownFileType = sourcecode.swift; path = AdDTO.swift; sourceTree = "<group>"; };
		855034EE2D09C2F700F385B1 /* FeaturesDTO.swift */ = {isa = PBXFileReference; fileEncoding = 4; lastKnownFileType = sourcecode.swift; path = FeaturesDTO.swift; sourceTree = "<group>"; };
		855034EF2D09C2F700F385B1 /* MultimediaDTO.swift */ = {isa = PBXFileReference; fileEncoding = 4; lastKnownFileType = sourcecode.swift; path = MultimediaDTO.swift; sourceTree = "<group>"; };
		855034F02D09C2F700F385B1 /* ParkingSpaceDTO.swift */ = {isa = PBXFileReference; fileEncoding = 4; lastKnownFileType = sourcecode.swift; path = ParkingSpaceDTO.swift; sourceTree = "<group>"; };
		855034F12D09C2F700F385B1 /* PriceDTO.swift */ = {isa = PBXFileReference; fileEncoding = 4; lastKnownFileType = sourcecode.swift; path = PriceDTO.swift; sourceTree = "<group>"; };
		855035382D09C54A00F385B1 /* Ad.swift */ = {isa = PBXFileReference; fileEncoding = 4; lastKnownFileType = sourcecode.swift; path = Ad.swift; sourceTree = "<group>"; };
		855035392D09C54A00F385B1 /* AdDetail.swift */ = {isa = PBXFileReference; fileEncoding = 4; lastKnownFileType = sourcecode.swift; path = AdDetail.swift; sourceTree = "<group>"; };
		8550353D2D09C5B600F385B1 /* AdListViewModel.swift */ = {isa = PBXFileReference; lastKnownFileType = sourcecode.swift; path = AdListViewModel.swift; sourceTree = "<group>"; };
		855035422D09C79500F385B1 /* AdTableViewCell.xib */ = {isa = PBXFileReference; lastKnownFileType = file.xib; path = AdTableViewCell.xib; sourceTree = "<group>"; };
		855035442D09C90A00F385B1 /* AdTableViewCell.swift */ = {isa = PBXFileReference; lastKnownFileType = sourcecode.swift; path = AdTableViewCell.swift; sourceTree = "<group>"; };
		855035472D09CED900F385B1 /* AdDetailView.swift */ = {isa = PBXFileReference; lastKnownFileType = sourcecode.swift; path = AdDetailView.swift; sourceTree = "<group>"; };
		855035492D09D54A00F385B1 /* AdDetailUseCase.swift */ = {isa = PBXFileReference; lastKnownFileType = sourcecode.swift; path = AdDetailUseCase.swift; sourceTree = "<group>"; };
		8550354B2D09D5A700F385B1 /* AdDetailViewModel.swift */ = {isa = PBXFileReference; lastKnownFileType = sourcecode.swift; path = AdDetailViewModel.swift; sourceTree = "<group>"; };
		8550354D2D09D67D00F385B1 /* AdDetailBuilder.swift */ = {isa = PBXFileReference; lastKnownFileType = sourcecode.swift; path = AdDetailBuilder.swift; sourceTree = "<group>"; };
/* End PBXFileReference section */

/* Begin PBXFrameworksBuildPhase section */
		852717572D09B3A900131E4B /* Frameworks */ = {
			isa = PBXFrameworksBuildPhase;
			buildActionMask = 2147483647;
			files = (
			);
			runOnlyForDeploymentPostprocessing = 0;
		};
/* End PBXFrameworksBuildPhase section */

/* Begin PBXGroup section */
		852717512D09B3A900131E4B = {
			isa = PBXGroup;
			children = (
				8527175C2D09B3A900131E4B /* uikitChallenge */,
				8527175B2D09B3A900131E4B /* Products */,
			);
			sourceTree = "<group>";
		};
		8527175B2D09B3A900131E4B /* Products */ = {
			isa = PBXGroup;
			children = (
				8527175A2D09B3A900131E4B /* uikitChallenge.app */,
			);
			name = Products;
			sourceTree = "<group>";
		};
		8527175C2D09B3A900131E4B /* uikitChallenge */ = {
			isa = PBXGroup;
			children = (
				8527176B2D09B3AA00131E4B /* Info.plist */,
				8527178E2D09C16600131E4B /* App */,
				8527177E2D09B62C00131E4B /* Data */,
				852717782D09B62C00131E4B /* Domain */,
				8527178C2D09B64100131E4B /* Presentation */,
				852717822D09B62C00131E4B /* Resources */,
			);
			path = uikitChallenge;
			sourceTree = "<group>";
		};
		852717742D09B62C00131E4B /* Repositories */ = {
			isa = PBXGroup;
			children = (
				852717732D09B62C00131E4B /* IdealistaRepositoryProtocol.swift */,
			);
			path = Repositories;
			sourceTree = "<group>";
		};
		852717772D09B62C00131E4B /* UseCase */ = {
			isa = PBXGroup;
			children = (
				855035492D09D54A00F385B1 /* AdDetailUseCase.swift */,
				853831F72D0B3FAB00BBA26F /* Favorites */,
				853831F82D0B3FAB00BBA26F /* FetchAdListUseCase.swift */,
				853831F42D0B3FAB00BBA26F /* FetchAdListUseCaseProtocol.swift */,
			);
			path = UseCase;
			sourceTree = "<group>";
		};
		852717782D09B62C00131E4B /* Domain */ = {
			isa = PBXGroup;
			children = (
				8550353A2D09C54A00F385B1 /* Entity */,
				852717742D09B62C00131E4B /* Repositories */,
				852717772D09B62C00131E4B /* UseCase */,
			);
			path = Domain;
			sourceTree = "<group>";
		};
		8527177A2D09B62C00131E4B /* Local */ = {
			isa = PBXGroup;
			children = (
				852717792D09B62C00131E4B /* LocalIdealistaDataSource.swift */,
				853832002D0B404500BBA26F /* FavoriteAdsDataSource.swift */,
			);
			path = Local;
			sourceTree = "<group>";
		};
		8527177B2D09B62C00131E4B /* DataSource */ = {
			isa = PBXGroup;
			children = (
				855034F32D09C2F700F385B1 /* DTO */,
				8527177A2D09B62C00131E4B /* Local */,
			);
			path = DataSource;
			sourceTree = "<group>";
		};
		8527177D2D09B62C00131E4B /* Repositories */ = {
			isa = PBXGroup;
			children = (
				853832022D0B405400BBA26F /* FavoritesRepository.swift */,
				8527177C2D09B62C00131E4B /* IdealistaRepository.swift */,
			);
			path = Repositories;
			sourceTree = "<group>";
		};
		8527177E2D09B62C00131E4B /* Data */ = {
			isa = PBXGroup;
			children = (
				8527177B2D09B62C00131E4B /* DataSource */,
				8527177D2D09B62C00131E4B /* Repositories */,
			);
			path = Data;
			sourceTree = "<group>";
		};
		852717822D09B62C00131E4B /* Resources */ = {
			isa = PBXGroup;
			children = (
				853832042D0B407C00BBA26F /* Localizable.strings */,
				852717662D09B3AA00131E4B /* Assets.xcassets */,
				852717802D09B62C00131E4B /* detail.json */,
				852717812D09B62C00131E4B /* list.json */,
			);
			path = Resources;
			sourceTree = "<group>";
		};
		8527178C2D09B64100131E4B /* Presentation */ = {
			isa = PBXGroup;
			children = (
				853831FE2D0B3FBF00BBA26F /* Extensions */,
				855035402D09C72500F385B1 /* CustomViews */,
				8550353F2D09C71F00F385B1 /* Screens */,
				852717682D09B3AA00131E4B /* LaunchScreen.storyboard */,
			);
			path = Presentation;
			sourceTree = "<group>";
		};
		8527178D2D09C12D00131E4B /* AdList */ = {
			isa = PBXGroup;
			children = (
				852717632D09B3A900131E4B /* AdList.storyboard */,
				852717612D09B3A900131E4B /* AdListViewController.swift */,
				8550353D2D09C5B600F385B1 /* AdListViewModel.swift */,
			);
			path = AdList;
			sourceTree = "<group>";
		};
		8527178E2D09C16600131E4B /* App */ = {
			isa = PBXGroup;
			children = (
				8527175D2D09B3A900131E4B /* AppDelegate.swift */,
				8527175F2D09B3A900131E4B /* SceneDelegate.swift */,
			);
			path = App;
			sourceTree = "<group>";
		};
		853831F72D0B3FAB00BBA26F /* Favorites */ = {
			isa = PBXGroup;
			children = (
				853831F52D0B3FAB00BBA26F /* LoadFavoritesAdsUseCase.swift */,
				853831F62D0B3FAB00BBA26F /* SaveFavoriteAdsUseCase.swift */,
			);
			path = Favorites;
			sourceTree = "<group>";
		};
		853831FE2D0B3FBF00BBA26F /* Extensions */ = {
			isa = PBXGroup;
			children = (
				853831FD2D0B3FBF00BBA26F /* StringExtension.swift */,
			);
			path = Extensions;
			sourceTree = "<group>";
		};
		855034EC2D09C2F700F385B1 /* Detail */ = {
			isa = PBXGroup;
			children = (
				855034E42D09C2F700F385B1 /* AdDetailDTO.swift */,
				855034E52D09C2F700F385B1 /* EmissionsDTO.swift */,
				855034E62D09C2F700F385B1 /* EnergyCertificationDTO.swift */,
				855034E72D09C2F700F385B1 /* EnergyConsumptionDTO.swift */,
				855034E82D09C2F700F385B1 /* ImageDetailDTO.swift */,
				855034E92D09C2F700F385B1 /* MoreCharacteristicsDTO.swift */,
				855034EA2D09C2F700F385B1 /* PriceInfoDTO.swift */,
				855034EB2D09C2F700F385B1 /* UbicationDTO.swift */,
			);
			path = Detail;
			sourceTree = "<group>";
		};
		855034F22D09C2F700F385B1 /* List */ = {
			isa = PBXGroup;
			children = (
				855034ED2D09C2F700F385B1 /* AdDTO.swift */,
				855034EE2D09C2F700F385B1 /* FeaturesDTO.swift */,
				855034EF2D09C2F700F385B1 /* MultimediaDTO.swift */,
				855034F02D09C2F700F385B1 /* ParkingSpaceDTO.swift */,
				855034F12D09C2F700F385B1 /* PriceDTO.swift */,
			);
			path = List;
			sourceTree = "<group>";
		};
		855034F32D09C2F700F385B1 /* DTO */ = {
			isa = PBXGroup;
			children = (
				855034EC2D09C2F700F385B1 /* Detail */,
				855034F22D09C2F700F385B1 /* List */,
			);
			path = DTO;
			sourceTree = "<group>";
		};
		8550353A2D09C54A00F385B1 /* Entity */ = {
			isa = PBXGroup;
			children = (
				855035382D09C54A00F385B1 /* Ad.swift */,
				855035392D09C54A00F385B1 /* AdDetail.swift */,
			);
			path = Entity;
			sourceTree = "<group>";
		};
		8550353F2D09C71F00F385B1 /* Screens */ = {
			isa = PBXGroup;
			children = (
				855035462D09CEC900F385B1 /* AdDetail */,
				8527178D2D09C12D00131E4B /* AdList */,
			);
			path = Screens;
			sourceTree = "<group>";
		};
		855035402D09C72500F385B1 /* CustomViews */ = {
			isa = PBXGroup;
			children = (
				855035412D09C72E00F385B1 /* Cell */,
			);
			path = CustomViews;
			sourceTree = "<group>";
		};
		855035412D09C72E00F385B1 /* Cell */ = {
			isa = PBXGroup;
			children = (
				855035422D09C79500F385B1 /* AdTableViewCell.xib */,
				855035442D09C90A00F385B1 /* AdTableViewCell.swift */,
			);
			path = Cell;
			sourceTree = "<group>";
		};
		855035462D09CEC900F385B1 /* AdDetail */ = {
			isa = PBXGroup;
			children = (
				855035472D09CED900F385B1 /* AdDetailView.swift */,
				8550354B2D09D5A700F385B1 /* AdDetailViewModel.swift */,
				8550354D2D09D67D00F385B1 /* AdDetailBuilder.swift */,
			);
			path = AdDetail;
			sourceTree = "<group>";
		};
/* End PBXGroup section */

/* Begin PBXNativeTarget section */
		852717592D09B3A900131E4B /* uikitChallenge */ = {
			isa = PBXNativeTarget;
			buildConfigurationList = 8527176E2D09B3AA00131E4B /* Build configuration list for PBXNativeTarget "uikitChallenge" */;
			buildPhases = (
				852717562D09B3A900131E4B /* Sources */,
				852717572D09B3A900131E4B /* Frameworks */,
				852717582D09B3A900131E4B /* Resources */,
			);
			buildRules = (
			);
			dependencies = (
			);
			name = uikitChallenge;
			productName = uikitChallenge;
			productReference = 8527175A2D09B3A900131E4B /* uikitChallenge.app */;
			productType = "com.apple.product-type.application";
		};
/* End PBXNativeTarget section */

/* Begin PBXProject section */
		852717522D09B3A900131E4B /* Project object */ = {
			isa = PBXProject;
			attributes = {
				BuildIndependentTargetsInParallel = 1;
				LastSwiftUpdateCheck = 1540;
				LastUpgradeCheck = 1540;
				TargetAttributes = {
					852717592D09B3A900131E4B = {
						CreatedOnToolsVersion = 15.4;
					};
				};
			};
			buildConfigurationList = 852717552D09B3A900131E4B /* Build configuration list for PBXProject "uikitChallenge" */;
			compatibilityVersion = "Xcode 14.0";
			developmentRegion = en;
			hasScannedForEncodings = 0;
			knownRegions = (
				en,
				Base,
			);
			mainGroup = 852717512D09B3A900131E4B;
			productRefGroup = 8527175B2D09B3A900131E4B /* Products */;
			projectDirPath = "";
			projectRoot = "";
			targets = (
				852717592D09B3A900131E4B /* uikitChallenge */,
			);
		};
/* End PBXProject section */

/* Begin PBXResourcesBuildPhase section */
		852717582D09B3A900131E4B /* Resources */ = {
			isa = PBXResourcesBuildPhase;
			buildActionMask = 2147483647;
			files = (
				852717672D09B3AA00131E4B /* Assets.xcassets in Resources */,
				8527176A2D09B3AA00131E4B /* Base in Resources */,
				855035432D09C79500F385B1 /* AdTableViewCell.xib in Resources */,
				853832062D0B407C00BBA26F /* Localizable.strings in Resources */,
				8527178A2D09B62C00131E4B /* detail.json in Resources */,
				852717652D09B3A900131E4B /* Base in Resources */,
				8527178B2D09B62C00131E4B /* list.json in Resources */,
			);
			runOnlyForDeploymentPostprocessing = 0;
		};
/* End PBXResourcesBuildPhase section */

/* Begin PBXSourcesBuildPhase section */
		852717562D09B3A900131E4B /* Sources */ = {
			isa = PBXSourcesBuildPhase;
			buildActionMask = 2147483647;
			files = (
				852717622D09B3A900131E4B /* AdListViewController.swift in Sources */,
				8550354A2D09D54A00F385B1 /* AdDetailUseCase.swift in Sources */,
				855034F52D09C2F700F385B1 /* EmissionsDTO.swift in Sources */,
				8527175E2D09B3A900131E4B /* AppDelegate.swift in Sources */,
				853831FF2D0B3FBF00BBA26F /* StringExtension.swift in Sources */,
				855034FA2D09C2F700F385B1 /* PriceInfoDTO.swift in Sources */,
				8550353C2D09C54A00F385B1 /* AdDetail.swift in Sources */,
				853831F92D0B3FAB00BBA26F /* FetchAdListUseCaseProtocol.swift in Sources */,
				853831FB2D0B3FAB00BBA26F /* SaveFavoriteAdsUseCase.swift in Sources */,
				855034FE2D09C2F700F385B1 /* MultimediaDTO.swift in Sources */,
				852717882D09B62C00131E4B /* IdealistaRepository.swift in Sources */,
				852717842D09B62C00131E4B /* IdealistaRepositoryProtocol.swift in Sources */,
				855035452D09C90A00F385B1 /* AdTableViewCell.swift in Sources */,
				853832032D0B405400BBA26F /* FavoritesRepository.swift in Sources */,
				855034FD2D09C2F700F385B1 /* FeaturesDTO.swift in Sources */,
				855035002D09C2F700F385B1 /* PriceDTO.swift in Sources */,
				8550354E2D09D67D00F385B1 /* AdDetailBuilder.swift in Sources */,
				855034FB2D09C2F700F385B1 /* UbicationDTO.swift in Sources */,
				8550354C2D09D5A700F385B1 /* AdDetailViewModel.swift in Sources */,
				855035482D09CED900F385B1 /* AdDetailView.swift in Sources */,
				855034F82D09C2F700F385B1 /* ImageDetailDTO.swift in Sources */,
				8550353B2D09C54A00F385B1 /* Ad.swift in Sources */,
				855034FF2D09C2F700F385B1 /* ParkingSpaceDTO.swift in Sources */,
				852717602D09B3A900131E4B /* SceneDelegate.swift in Sources */,
				855034F62D09C2F700F385B1 /* EnergyCertificationDTO.swift in Sources */,
				853832012D0B404500BBA26F /* FavoriteAdsDataSource.swift in Sources */,
				852717872D09B62C00131E4B /* LocalIdealistaDataSource.swift in Sources */,
				855034FC2D09C2F700F385B1 /* AdDTO.swift in Sources */,
				853831FA2D0B3FAB00BBA26F /* LoadFavoritesAdsUseCase.swift in Sources */,
				853831FC2D0B3FAB00BBA26F /* FetchAdListUseCase.swift in Sources */,
				855034F42D09C2F700F385B1 /* AdDetailDTO.swift in Sources */,
				8550353E2D09C5B600F385B1 /* AdListViewModel.swift in Sources */,
				855034F72D09C2F700F385B1 /* EnergyConsumptionDTO.swift in Sources */,
				855034F92D09C2F700F385B1 /* MoreCharacteristicsDTO.swift in Sources */,
			);
			runOnlyForDeploymentPostprocessing = 0;
		};
/* End PBXSourcesBuildPhase section */

/* Begin PBXVariantGroup section */
		852717632D09B3A900131E4B /* AdList.storyboard */ = {
			isa = PBXVariantGroup;
			children = (
				852717642D09B3A900131E4B /* Base */,
			);
			name = AdList.storyboard;
			sourceTree = "<group>";
		};
		852717682D09B3AA00131E4B /* LaunchScreen.storyboard */ = {
			isa = PBXVariantGroup;
			children = (
				852717692D09B3AA00131E4B /* Base */,
			);
			name = LaunchScreen.storyboard;
			sourceTree = "<group>";
		};
		853832042D0B407C00BBA26F /* Localizable.strings */ = {
			isa = PBXVariantGroup;
			children = (
				853832052D0B407C00BBA26F /* en */,
			);
			name = Localizable.strings;
			sourceTree = "<group>";
		};
/* End PBXVariantGroup section */

/* Begin XCBuildConfiguration section */
		8527176C2D09B3AA00131E4B /* Debug */ = {
			isa = XCBuildConfiguration;
			buildSettings = {
				ALWAYS_SEARCH_USER_PATHS = NO;
				ASSETCATALOG_COMPILER_GENERATE_SWIFT_ASSET_SYMBOL_EXTENSIONS = YES;
				CLANG_ANALYZER_NONNULL = YES;
				CLANG_ANALYZER_NUMBER_OBJECT_CONVERSION = YES_AGGRESSIVE;
				CLANG_CXX_LANGUAGE_STANDARD = "gnu++20";
				CLANG_ENABLE_MODULES = YES;
				CLANG_ENABLE_OBJC_ARC = YES;
				CLANG_ENABLE_OBJC_WEAK = YES;
				CLANG_WARN_BLOCK_CAPTURE_AUTORELEASING = YES;
				CLANG_WARN_BOOL_CONVERSION = YES;
				CLANG_WARN_COMMA = YES;
				CLANG_WARN_CONSTANT_CONVERSION = YES;
				CLANG_WARN_DEPRECATED_OBJC_IMPLEMENTATIONS = YES;
				CLANG_WARN_DIRECT_OBJC_ISA_USAGE = YES_ERROR;
				CLANG_WARN_DOCUMENTATION_COMMENTS = YES;
				CLANG_WARN_EMPTY_BODY = YES;
				CLANG_WARN_ENUM_CONVERSION = YES;
				CLANG_WARN_INFINITE_RECURSION = YES;
				CLANG_WARN_INT_CONVERSION = YES;
				CLANG_WARN_NON_LITERAL_NULL_CONVERSION = YES;
				CLANG_WARN_OBJC_IMPLICIT_RETAIN_SELF = YES;
				CLANG_WARN_OBJC_LITERAL_CONVERSION = YES;
				CLANG_WARN_OBJC_ROOT_CLASS = YES_ERROR;
				CLANG_WARN_QUOTED_INCLUDE_IN_FRAMEWORK_HEADER = YES;
				CLANG_WARN_RANGE_LOOP_ANALYSIS = YES;
				CLANG_WARN_STRICT_PROTOTYPES = YES;
				CLANG_WARN_SUSPICIOUS_MOVE = YES;
				CLANG_WARN_UNGUARDED_AVAILABILITY = YES_AGGRESSIVE;
				CLANG_WARN_UNREACHABLE_CODE = YES;
				CLANG_WARN__DUPLICATE_METHOD_MATCH = YES;
				COPY_PHASE_STRIP = NO;
				DEBUG_INFORMATION_FORMAT = dwarf;
				ENABLE_STRICT_OBJC_MSGSEND = YES;
				ENABLE_TESTABILITY = YES;
				ENABLE_USER_SCRIPT_SANDBOXING = YES;
				GCC_C_LANGUAGE_STANDARD = gnu17;
				GCC_DYNAMIC_NO_PIC = NO;
				GCC_NO_COMMON_BLOCKS = YES;
				GCC_OPTIMIZATION_LEVEL = 0;
				GCC_PREPROCESSOR_DEFINITIONS = (
					"DEBUG=1",
					"$(inherited)",
				);
				GCC_WARN_64_TO_32_BIT_CONVERSION = YES;
				GCC_WARN_ABOUT_RETURN_TYPE = YES_ERROR;
				GCC_WARN_UNDECLARED_SELECTOR = YES;
				GCC_WARN_UNINITIALIZED_AUTOS = YES_AGGRESSIVE;
				GCC_WARN_UNUSED_FUNCTION = YES;
				GCC_WARN_UNUSED_VARIABLE = YES;
				IPHONEOS_DEPLOYMENT_TARGET = 17.5;
				LOCALIZATION_PREFERS_STRING_CATALOGS = YES;
				MTL_ENABLE_DEBUG_INFO = INCLUDE_SOURCE;
				MTL_FAST_MATH = YES;
				ONLY_ACTIVE_ARCH = YES;
				SDKROOT = iphoneos;
				SWIFT_ACTIVE_COMPILATION_CONDITIONS = "DEBUG $(inherited)";
				SWIFT_OPTIMIZATION_LEVEL = "-Onone";
			};
			name = Debug;
		};
		8527176D2D09B3AA00131E4B /* Release */ = {
			isa = XCBuildConfiguration;
			buildSettings = {
				ALWAYS_SEARCH_USER_PATHS = NO;
				ASSETCATALOG_COMPILER_GENERATE_SWIFT_ASSET_SYMBOL_EXTENSIONS = YES;
				CLANG_ANALYZER_NONNULL = YES;
				CLANG_ANALYZER_NUMBER_OBJECT_CONVERSION = YES_AGGRESSIVE;
				CLANG_CXX_LANGUAGE_STANDARD = "gnu++20";
				CLANG_ENABLE_MODULES = YES;
				CLANG_ENABLE_OBJC_ARC = YES;
				CLANG_ENABLE_OBJC_WEAK = YES;
				CLANG_WARN_BLOCK_CAPTURE_AUTORELEASING = YES;
				CLANG_WARN_BOOL_CONVERSION = YES;
				CLANG_WARN_COMMA = YES;
				CLANG_WARN_CONSTANT_CONVERSION = YES;
				CLANG_WARN_DEPRECATED_OBJC_IMPLEMENTATIONS = YES;
				CLANG_WARN_DIRECT_OBJC_ISA_USAGE = YES_ERROR;
				CLANG_WARN_DOCUMENTATION_COMMENTS = YES;
				CLANG_WARN_EMPTY_BODY = YES;
				CLANG_WARN_ENUM_CONVERSION = YES;
				CLANG_WARN_INFINITE_RECURSION = YES;
				CLANG_WARN_INT_CONVERSION = YES;
				CLANG_WARN_NON_LITERAL_NULL_CONVERSION = YES;
				CLANG_WARN_OBJC_IMPLICIT_RETAIN_SELF = YES;
				CLANG_WARN_OBJC_LITERAL_CONVERSION = YES;
				CLANG_WARN_OBJC_ROOT_CLASS = YES_ERROR;
				CLANG_WARN_QUOTED_INCLUDE_IN_FRAMEWORK_HEADER = YES;
				CLANG_WARN_RANGE_LOOP_ANALYSIS = YES;
				CLANG_WARN_STRICT_PROTOTYPES = YES;
				CLANG_WARN_SUSPICIOUS_MOVE = YES;
				CLANG_WARN_UNGUARDED_AVAILABILITY = YES_AGGRESSIVE;
				CLANG_WARN_UNREACHABLE_CODE = YES;
				CLANG_WARN__DUPLICATE_METHOD_MATCH = YES;
				COPY_PHASE_STRIP = NO;
				DEBUG_INFORMATION_FORMAT = "dwarf-with-dsym";
				ENABLE_NS_ASSERTIONS = NO;
				ENABLE_STRICT_OBJC_MSGSEND = YES;
				ENABLE_USER_SCRIPT_SANDBOXING = YES;
				GCC_C_LANGUAGE_STANDARD = gnu17;
				GCC_NO_COMMON_BLOCKS = YES;
				GCC_WARN_64_TO_32_BIT_CONVERSION = YES;
				GCC_WARN_ABOUT_RETURN_TYPE = YES_ERROR;
				GCC_WARN_UNDECLARED_SELECTOR = YES;
				GCC_WARN_UNINITIALIZED_AUTOS = YES_AGGRESSIVE;
				GCC_WARN_UNUSED_FUNCTION = YES;
				GCC_WARN_UNUSED_VARIABLE = YES;
				IPHONEOS_DEPLOYMENT_TARGET = 17.5;
				LOCALIZATION_PREFERS_STRING_CATALOGS = YES;
				MTL_ENABLE_DEBUG_INFO = NO;
				MTL_FAST_MATH = YES;
				SDKROOT = iphoneos;
				SWIFT_COMPILATION_MODE = wholemodule;
				VALIDATE_PRODUCT = YES;
			};
			name = Release;
		};
		8527176F2D09B3AA00131E4B /* Debug */ = {
			isa = XCBuildConfiguration;
			buildSettings = {
				ASSETCATALOG_COMPILER_APPICON_NAME = AppIcon;
				ASSETCATALOG_COMPILER_GLOBAL_ACCENT_COLOR_NAME = AccentColor;
				CODE_SIGN_STYLE = Automatic;
				CURRENT_PROJECT_VERSION = 1;
				GENERATE_INFOPLIST_FILE = YES;
				INFOPLIST_FILE = uikitChallenge/Info.plist;
				INFOPLIST_KEY_UIApplicationSupportsIndirectInputEvents = YES;
				INFOPLIST_KEY_UILaunchStoryboardName = LaunchScreen;
				INFOPLIST_KEY_UIMainStoryboardFile = AdList;
				INFOPLIST_KEY_UISupportedInterfaceOrientations_iPad = "UIInterfaceOrientationPortrait UIInterfaceOrientationPortraitUpsideDown UIInterfaceOrientationLandscapeLeft UIInterfaceOrientationLandscapeRight";
				INFOPLIST_KEY_UISupportedInterfaceOrientations_iPhone = "UIInterfaceOrientationPortrait UIInterfaceOrientationLandscapeLeft UIInterfaceOrientationLandscapeRight";
				IPHONEOS_DEPLOYMENT_TARGET = 15.0;
				LD_RUNPATH_SEARCH_PATHS = (
					"$(inherited)",
					"@executable_path/Frameworks",
				);
				MARKETING_VERSION = 1.0;
				PRODUCT_BUNDLE_IDENTIFIER = app.uikitChallenge;
				PRODUCT_NAME = "$(TARGET_NAME)";
				SWIFT_EMIT_LOC_STRINGS = YES;
				SWIFT_VERSION = 5.0;
				TARGETED_DEVICE_FAMILY = "1,2";
			};
			name = Debug;
		};
		852717702D09B3AA00131E4B /* Release */ = {
			isa = XCBuildConfiguration;
			buildSettings = {
				ASSETCATALOG_COMPILER_APPICON_NAME = AppIcon;
				ASSETCATALOG_COMPILER_GLOBAL_ACCENT_COLOR_NAME = AccentColor;
				CODE_SIGN_STYLE = Automatic;
				CURRENT_PROJECT_VERSION = 1;
				GENERATE_INFOPLIST_FILE = YES;
				INFOPLIST_FILE = uikitChallenge/Info.plist;
				INFOPLIST_KEY_UIApplicationSupportsIndirectInputEvents = YES;
				INFOPLIST_KEY_UILaunchStoryboardName = LaunchScreen;
				INFOPLIST_KEY_UIMainStoryboardFile = AdList;
				INFOPLIST_KEY_UISupportedInterfaceOrientations_iPad = "UIInterfaceOrientationPortrait UIInterfaceOrientationPortraitUpsideDown UIInterfaceOrientationLandscapeLeft UIInterfaceOrientationLandscapeRight";
				INFOPLIST_KEY_UISupportedInterfaceOrientations_iPhone = "UIInterfaceOrientationPortrait UIInterfaceOrientationLandscapeLeft UIInterfaceOrientationLandscapeRight";
				IPHONEOS_DEPLOYMENT_TARGET = 15.0;
				LD_RUNPATH_SEARCH_PATHS = (
					"$(inherited)",
					"@executable_path/Frameworks",
				);
				MARKETING_VERSION = 1.0;
				PRODUCT_BUNDLE_IDENTIFIER = app.uikitChallenge;
				PRODUCT_NAME = "$(TARGET_NAME)";
				SWIFT_EMIT_LOC_STRINGS = YES;
				SWIFT_VERSION = 5.0;
				TARGETED_DEVICE_FAMILY = "1,2";
			};
			name = Release;
		};
/* End XCBuildConfiguration section */

/* Begin XCConfigurationList section */
		852717552D09B3A900131E4B /* Build configuration list for PBXProject "uikitChallenge" */ = {
			isa = XCConfigurationList;
			buildConfigurations = (
				8527176C2D09B3AA00131E4B /* Debug */,
				8527176D2D09B3AA00131E4B /* Release */,
			);
			defaultConfigurationIsVisible = 0;
			defaultConfigurationName = Release;
		};
		8527176E2D09B3AA00131E4B /* Build configuration list for PBXNativeTarget "uikitChallenge" */ = {
			isa = XCConfigurationList;
			buildConfigurations = (
				8527176F2D09B3AA00131E4B /* Debug */,
				852717702D09B3AA00131E4B /* Release */,
			);
			defaultConfigurationIsVisible = 0;
			defaultConfigurationName = Release;
		};
/* End XCConfigurationList section */
	};
	rootObject = 852717522D09B3A900131E4B /* Project object */;
}
