// !$*UTF8*$!
{
	archiveVersion = 1;
	classes = {
	};
	objectVersion = 56;
	objects = {

/* Begin PBXBuildFile section */
		858FC8A02D07A4EB00930CC9 /* challengeApp.swift in Sources */ = {isa = PBXBuildFile; fileRef = 858FC89F2D07A4EB00930CC9 /* challengeApp.swift */; };
		858FC8A22D07A4EB00930CC9 /* ContentView.swift in Sources */ = {isa = PBXBuildFile; fileRef = 858FC8A12D07A4EB00930CC9 /* ContentView.swift */; };
		858FC8A42D07A4ED00930CC9 /* Assets.xcassets in Resources */ = {isa = PBXBuildFile; fileRef = 858FC8A32D07A4ED00930CC9 /* Assets.xcassets */; };
		858FC8A72D07A4ED00930CC9 /* Preview Assets.xcassets in Resources */ = {isa = PBXBuildFile; fileRef = 858FC8A62D07A4ED00930CC9 /* Preview Assets.xcassets */; };
		858FC8B42D07A5DE00930CC9 /* LocalIdealistaDataSource.swift in Sources */ = {isa = PBXBuildFile; fileRef = 858FC8B32D07A5DE00930CC9 /* LocalIdealistaDataSource.swift */; };
		858FC8B72D07A5FF00930CC9 /* IdealistaRepository.swift in Sources */ = {isa = PBXBuildFile; fileRef = 858FC8B62D07A5FF00930CC9 /* IdealistaRepository.swift */; };
		858FC8BA2D07A64700930CC9 /* PropertyDetail.swift in Sources */ = {isa = PBXBuildFile; fileRef = 858FC8B92D07A64700930CC9 /* PropertyDetail.swift */; };
		858FC8BE2D07A67100930CC9 /* IdealistaRepositoryProtocol.swift in Sources */ = {isa = PBXBuildFile; fileRef = 858FC8BD2D07A67100930CC9 /* IdealistaRepositoryProtocol.swift */; };
		858FC8C02D07A69C00930CC9 /* IdealistaUseCase.swift in Sources */ = {isa = PBXBuildFile; fileRef = 858FC8BF2D07A69C00930CC9 /* IdealistaUseCase.swift */; };
		858FC8C22D07A6AD00930CC9 /* IdealistaUseCaseProtocol.swift in Sources */ = {isa = PBXBuildFile; fileRef = 858FC8C12D07A6AD00930CC9 /* IdealistaUseCaseProtocol.swift */; };
		858FC8C72D07A77100930CC9 /* detail.json in Resources */ = {isa = PBXBuildFile; fileRef = 858FC8C32D07A77100930CC9 /* detail.json */; };
		858FC8C82D07A77100930CC9 /* list.json in Resources */ = {isa = PBXBuildFile; fileRef = 858FC8C42D07A77100930CC9 /* list.json */; };
/* End PBXBuildFile section */

/* Begin PBXFileReference section */
		858FC89C2D07A4EB00930CC9 /* challenge.app */ = {isa = PBXFileReference; explicitFileType = wrapper.application; includeInIndex = 0; path = challenge.app; sourceTree = BUILT_PRODUCTS_DIR; };
		858FC89F2D07A4EB00930CC9 /* challengeApp.swift */ = {isa = PBXFileReference; lastKnownFileType = sourcecode.swift; path = challengeApp.swift; sourceTree = "<group>"; };
		858FC8A12D07A4EB00930CC9 /* ContentView.swift */ = {isa = PBXFileReference; lastKnownFileType = sourcecode.swift; path = ContentView.swift; sourceTree = "<group>"; };
		858FC8A32D07A4ED00930CC9 /* Assets.xcassets */ = {isa = PBXFileReference; lastKnownFileType = folder.assetcatalog; path = Assets.xcassets; sourceTree = "<group>"; };
		858FC8A62D07A4ED00930CC9 /* Preview Assets.xcassets */ = {isa = PBXFileReference; lastKnownFileType = folder.assetcatalog; path = "Preview Assets.xcassets"; sourceTree = "<group>"; };
		858FC8B32D07A5DE00930CC9 /* LocalIdealistaDataSource.swift */ = {isa = PBXFileReference; lastKnownFileType = sourcecode.swift; path = LocalIdealistaDataSource.swift; sourceTree = "<group>"; };
		858FC8B62D07A5FF00930CC9 /* IdealistaRepository.swift */ = {isa = PBXFileReference; lastKnownFileType = sourcecode.swift; path = IdealistaRepository.swift; sourceTree = "<group>"; };
		858FC8B92D07A64700930CC9 /* PropertyDetail.swift */ = {isa = PBXFileReference; lastKnownFileType = sourcecode.swift; path = PropertyDetail.swift; sourceTree = "<group>"; };
		858FC8BD2D07A67100930CC9 /* IdealistaRepositoryProtocol.swift */ = {isa = PBXFileReference; lastKnownFileType = sourcecode.swift; path = IdealistaRepositoryProtocol.swift; sourceTree = "<group>"; };
		858FC8BF2D07A69C00930CC9 /* IdealistaUseCase.swift */ = {isa = PBXFileReference; lastKnownFileType = sourcecode.swift; path = IdealistaUseCase.swift; sourceTree = "<group>"; };
		858FC8C12D07A6AD00930CC9 /* IdealistaUseCaseProtocol.swift */ = {isa = PBXFileReference; lastKnownFileType = sourcecode.swift; path = IdealistaUseCaseProtocol.swift; sourceTree = "<group>"; };
		858FC8C32D07A77100930CC9 /* detail.json */ = {isa = PBXFileReference; fileEncoding = 4; lastKnownFileType = text.json; path = detail.json; sourceTree = "<group>"; };
		858FC8C42D07A77100930CC9 /* list.json */ = {isa = PBXFileReference; fileEncoding = 4; lastKnownFileType = text.json; path = list.json; sourceTree = "<group>"; };
/* End PBXFileReference section */

/* Begin PBXFrameworksBuildPhase section */
		858FC8992D07A4EB00930CC9 /* Frameworks */ = {
			isa = PBXFrameworksBuildPhase;
			buildActionMask = 2147483647;
			files = (
			);
			runOnlyForDeploymentPostprocessing = 0;
		};
/* End PBXFrameworksBuildPhase section */

/* Begin PBXGroup section */
		858FC8932D07A4EB00930CC9 = {
			isa = PBXGroup;
			children = (
				858FC89E2D07A4EB00930CC9 /* challenge */,
				858FC89D2D07A4EB00930CC9 /* Products */,
			);
			sourceTree = "<group>";
		};
		858FC89D2D07A4EB00930CC9 /* Products */ = {
			isa = PBXGroup;
			children = (
				858FC89C2D07A4EB00930CC9 /* challenge.app */,
			);
			name = Products;
			sourceTree = "<group>";
		};
		858FC89E2D07A4EB00930CC9 /* challenge */ = {
			isa = PBXGroup;
			children = (
				858FC89F2D07A4EB00930CC9 /* challengeApp.swift */,
				858FC8AD2D07A51600930CC9 /* Data */,
				858FC8AE2D07A51C00930CC9 /* Domain */,
				858FC8AF2D07A52100930CC9 /* Presentation */,
				858FC8A52D07A4ED00930CC9 /* Preview Content */,
				858FC8B02D07A53F00930CC9 /* Resources */,
			);
			path = challenge;
			sourceTree = "<group>";
		};
		858FC8A52D07A4ED00930CC9 /* Preview Content */ = {
			isa = PBXGroup;
			children = (
				858FC8A62D07A4ED00930CC9 /* Preview Assets.xcassets */,
			);
			path = "Preview Content";
			sourceTree = "<group>";
		};
		858FC8AD2D07A51600930CC9 /* Data */ = {
			isa = PBXGroup;
			children = (
				858FC8B52D07A5E900930CC9 /* Repositories */,
				858FC8B12D07A5A200930CC9 /* DataSource */,
			);
			path = Data;
			sourceTree = "<group>";
		};
		858FC8AE2D07A51C00930CC9 /* Domain */ = {
			isa = PBXGroup;
			children = (
				858FC8BC2D07A65B00930CC9 /* Repositories */,
				858FC8BB2D07A65100930CC9 /* UseCase */,
				858FC8B82D07A60C00930CC9 /* Entity */,
			);
			path = Domain;
			sourceTree = "<group>";
		};
		858FC8AF2D07A52100930CC9 /* Presentation */ = {
			isa = PBXGroup;
			children = (
				858FC8A12D07A4EB00930CC9 /* ContentView.swift */,
			);
			path = Presentation;
			sourceTree = "<group>";
		};
		858FC8B02D07A53F00930CC9 /* Resources */ = {
			isa = PBXGroup;
			children = (
				858FC8C32D07A77100930CC9 /* detail.json */,
				858FC8C42D07A77100930CC9 /* list.json */,
				858FC8A32D07A4ED00930CC9 /* Assets.xcassets */,
			);
			path = Resources;
			sourceTree = "<group>";
		};
		858FC8B12D07A5A200930CC9 /* DataSource */ = {
			isa = PBXGroup;
			children = (
				858FC8B22D07A5A900930CC9 /* Local */,
			);
			path = DataSource;
			sourceTree = "<group>";
		};
		858FC8B22D07A5A900930CC9 /* Local */ = {
			isa = PBXGroup;
			children = (
				858FC8B32D07A5DE00930CC9 /* LocalIdealistaDataSource.swift */,
			);
			path = Local;
			sourceTree = "<group>";
		};
		858FC8B52D07A5E900930CC9 /* Repositories */ = {
			isa = PBXGroup;
			children = (
				858FC8B62D07A5FF00930CC9 /* IdealistaRepository.swift */,
			);
			path = Repositories;
			sourceTree = "<group>";
		};
		858FC8B82D07A60C00930CC9 /* Entity */ = {
			isa = PBXGroup;
			children = (
				858FC8B92D07A64700930CC9 /* PropertyDetail.swift */,
			);
			path = Entity;
			sourceTree = "<group>";
		};
		858FC8BB2D07A65100930CC9 /* UseCase */ = {
			isa = PBXGroup;
			children = (
				858FC8BF2D07A69C00930CC9 /* IdealistaUseCase.swift */,
				858FC8C12D07A6AD00930CC9 /* IdealistaUseCaseProtocol.swift */,
			);
			path = UseCase;
			sourceTree = "<group>";
		};
		858FC8BC2D07A65B00930CC9 /* Repositories */ = {
			isa = PBXGroup;
			children = (
				858FC8BD2D07A67100930CC9 /* IdealistaRepositoryProtocol.swift */,
			);
			path = Repositories;
			sourceTree = "<group>";
		};
/* End PBXGroup section */

/* Begin PBXNativeTarget section */
		858FC89B2D07A4EB00930CC9 /* challenge */ = {
			isa = PBXNativeTarget;
			buildConfigurationList = 858FC8AA2D07A4ED00930CC9 /* Build configuration list for PBXNativeTarget "challenge" */;
			buildPhases = (
				858FC8982D07A4EB00930CC9 /* Sources */,
				858FC8992D07A4EB00930CC9 /* Frameworks */,
				858FC89A2D07A4EB00930CC9 /* Resources */,
			);
			buildRules = (
			);
			dependencies = (
			);
			name = challenge;
			productName = challenge;
			productReference = 858FC89C2D07A4EB00930CC9 /* challenge.app */;
			productType = "com.apple.product-type.application";
		};
/* End PBXNativeTarget section */

/* Begin PBXProject section */
		858FC8942D07A4EB00930CC9 /* Project object */ = {
			isa = PBXProject;
			attributes = {
				BuildIndependentTargetsInParallel = 1;
				LastSwiftUpdateCheck = 1540;
				LastUpgradeCheck = 1540;
				TargetAttributes = {
					858FC89B2D07A4EB00930CC9 = {
						CreatedOnToolsVersion = 15.4;
					};
				};
			};
			buildConfigurationList = 858FC8972D07A4EB00930CC9 /* Build configuration list for PBXProject "challenge" */;
			compatibilityVersion = "Xcode 14.0";
			developmentRegion = en;
			hasScannedForEncodings = 0;
			knownRegions = (
				en,
				Base,
			);
			mainGroup = 858FC8932D07A4EB00930CC9;
			productRefGroup = 858FC89D2D07A4EB00930CC9 /* Products */;
			projectDirPath = "";
			projectRoot = "";
			targets = (
				858FC89B2D07A4EB00930CC9 /* challenge */,
			);
		};
/* End PBXProject section */

/* Begin PBXResourcesBuildPhase section */
		858FC89A2D07A4EB00930CC9 /* Resources */ = {
			isa = PBXResourcesBuildPhase;
			buildActionMask = 2147483647;
			files = (
				858FC8C72D07A77100930CC9 /* detail.json in Resources */,
				858FC8C82D07A77100930CC9 /* list.json in Resources */,
				858FC8A72D07A4ED00930CC9 /* Preview Assets.xcassets in Resources */,
				858FC8A42D07A4ED00930CC9 /* Assets.xcassets in Resources */,
			);
			runOnlyForDeploymentPostprocessing = 0;
		};
/* End PBXResourcesBuildPhase section */

/* Begin PBXSourcesBuildPhase section */
		858FC8982D07A4EB00930CC9 /* Sources */ = {
			isa = PBXSourcesBuildPhase;
			buildActionMask = 2147483647;
			files = (
				858FC8B72D07A5FF00930CC9 /* IdealistaRepository.swift in Sources */,
				858FC8A22D07A4EB00930CC9 /* ContentView.swift in Sources */,
				858FC8BE2D07A67100930CC9 /* IdealistaRepositoryProtocol.swift in Sources */,
				858FC8BA2D07A64700930CC9 /* PropertyDetail.swift in Sources */,
				858FC8C22D07A6AD00930CC9 /* IdealistaUseCaseProtocol.swift in Sources */,
				858FC8A02D07A4EB00930CC9 /* challengeApp.swift in Sources */,
				858FC8C02D07A69C00930CC9 /* IdealistaUseCase.swift in Sources */,
				858FC8B42D07A5DE00930CC9 /* LocalIdealistaDataSource.swift in Sources */,
			);
			runOnlyForDeploymentPostprocessing = 0;
		};
/* End PBXSourcesBuildPhase section */

/* Begin XCBuildConfiguration section */
		858FC8A82D07A4ED00930CC9 /* Debug */ = {
			isa = XCBuildConfiguration;
			buildSettings = {
				ALWAYS_SEARCH_USER_PATHS = NO;
				ASSETCATALOG_COMPILER_GENERATE_SWIFT_ASSET_SYMBOL_EXTENSIONS = YES;
				CLANG_ANALYZER_NONNULL = YES;
				CLANG_ANALYZER_NUMBER_OBJECT_CONVERSION = YES_AGGRESSIVE;
				CLANG_CXX_LANGUAGE_STANDARD = "gnu++20";
				CLANG_ENABLE_MODULES = YES;
				CLANG_ENABLE_OBJC_ARC = YES;
				CLANG_ENABLE_OBJC_WEAK = YES;
				CLANG_WARN_BLOCK_CAPTURE_AUTORELEASING = YES;
				CLANG_WARN_BOOL_CONVERSION = YES;
				CLANG_WARN_COMMA = YES;
				CLANG_WARN_CONSTANT_CONVERSION = YES;
				CLANG_WARN_DEPRECATED_OBJC_IMPLEMENTATIONS = YES;
				CLANG_WARN_DIRECT_OBJC_ISA_USAGE = YES_ERROR;
				CLANG_WARN_DOCUMENTATION_COMMENTS = YES;
				CLANG_WARN_EMPTY_BODY = YES;
				CLANG_WARN_ENUM_CONVERSION = YES;
				CLANG_WARN_INFINITE_RECURSION = YES;
				CLANG_WARN_INT_CONVERSION = YES;
				CLANG_WARN_NON_LITERAL_NULL_CONVERSION = YES;
				CLANG_WARN_OBJC_IMPLICIT_RETAIN_SELF = YES;
				CLANG_WARN_OBJC_LITERAL_CONVERSION = YES;
				CLANG_WARN_OBJC_ROOT_CLASS = YES_ERROR;
				CLANG_WARN_QUOTED_INCLUDE_IN_FRAMEWORK_HEADER = YES;
				CLANG_WARN_RANGE_LOOP_ANALYSIS = YES;
				CLANG_WARN_STRICT_PROTOTYPES = YES;
				CLANG_WARN_SUSPICIOUS_MOVE = YES;
				CLANG_WARN_UNGUARDED_AVAILABILITY = YES_AGGRESSIVE;
				CLANG_WARN_UNREACHABLE_CODE = YES;
				CLANG_WARN__DUPLICATE_METHOD_MATCH = YES;
				COPY_PHASE_STRIP = NO;
				DEBUG_INFORMATION_FORMAT = dwarf;
				ENABLE_STRICT_OBJC_MSGSEND = YES;
				ENABLE_TESTABILITY = YES;
				ENABLE_USER_SCRIPT_SANDBOXING = YES;
				GCC_C_LANGUAGE_STANDARD = gnu17;
				GCC_DYNAMIC_NO_PIC = NO;
				GCC_NO_COMMON_BLOCKS = YES;
				GCC_OPTIMIZATION_LEVEL = 0;
				GCC_PREPROCESSOR_DEFINITIONS = (
					"DEBUG=1",
					"$(inherited)",
				);
				GCC_WARN_64_TO_32_BIT_CONVERSION = YES;
				GCC_WARN_ABOUT_RETURN_TYPE = YES_ERROR;
				GCC_WARN_UNDECLARED_SELECTOR = YES;
				GCC_WARN_UNINITIALIZED_AUTOS = YES_AGGRESSIVE;
				GCC_WARN_UNUSED_FUNCTION = YES;
				GCC_WARN_UNUSED_VARIABLE = YES;
				IPHONEOS_DEPLOYMENT_TARGET = 17.5;
				LOCALIZATION_PREFERS_STRING_CATALOGS = YES;
				MTL_ENABLE_DEBUG_INFO = INCLUDE_SOURCE;
				MTL_FAST_MATH = YES;
				ONLY_ACTIVE_ARCH = YES;
				SDKROOT = iphoneos;
				SWIFT_ACTIVE_COMPILATION_CONDITIONS = "DEBUG $(inherited)";
				SWIFT_OPTIMIZATION_LEVEL = "-Onone";
			};
			name = Debug;
		};
		858FC8A92D07A4ED00930CC9 /* Release */ = {
			isa = XCBuildConfiguration;
			buildSettings = {
				ALWAYS_SEARCH_USER_PATHS = NO;
				ASSETCATALOG_COMPILER_GENERATE_SWIFT_ASSET_SYMBOL_EXTENSIONS = YES;
				CLANG_ANALYZER_NONNULL = YES;
				CLANG_ANALYZER_NUMBER_OBJECT_CONVERSION = YES_AGGRESSIVE;
				CLANG_CXX_LANGUAGE_STANDARD = "gnu++20";
				CLANG_ENABLE_MODULES = YES;
				CLANG_ENABLE_OBJC_ARC = YES;
				CLANG_ENABLE_OBJC_WEAK = YES;
				CLANG_WARN_BLOCK_CAPTURE_AUTORELEASING = YES;
				CLANG_WARN_BOOL_CONVERSION = YES;
				CLANG_WARN_COMMA = YES;
				CLANG_WARN_CONSTANT_CONVERSION = YES;
				CLANG_WARN_DEPRECATED_OBJC_IMPLEMENTATIONS = YES;
				CLANG_WARN_DIRECT_OBJC_ISA_USAGE = YES_ERROR;
				CLANG_WARN_DOCUMENTATION_COMMENTS = YES;
				CLANG_WARN_EMPTY_BODY = YES;
				CLANG_WARN_ENUM_CONVERSION = YES;
				CLANG_WARN_INFINITE_RECURSION = YES;
				CLANG_WARN_INT_CONVERSION = YES;
				CLANG_WARN_NON_LITERAL_NULL_CONVERSION = YES;
				CLANG_WARN_OBJC_IMPLICIT_RETAIN_SELF = YES;
				CLANG_WARN_OBJC_LITERAL_CONVERSION = YES;
				CLANG_WARN_OBJC_ROOT_CLASS = YES_ERROR;
				CLANG_WARN_QUOTED_INCLUDE_IN_FRAMEWORK_HEADER = YES;
				CLANG_WARN_RANGE_LOOP_ANALYSIS = YES;
				CLANG_WARN_STRICT_PROTOTYPES = YES;
				CLANG_WARN_SUSPICIOUS_MOVE = YES;
				CLANG_WARN_UNGUARDED_AVAILABILITY = YES_AGGRESSIVE;
				CLANG_WARN_UNREACHABLE_CODE = YES;
				CLANG_WARN__DUPLICATE_METHOD_MATCH = YES;
				COPY_PHASE_STRIP = NO;
				DEBUG_INFORMATION_FORMAT = "dwarf-with-dsym";
				ENABLE_NS_ASSERTIONS = NO;
				ENABLE_STRICT_OBJC_MSGSEND = YES;
				ENABLE_USER_SCRIPT_SANDBOXING = YES;
				GCC_C_LANGUAGE_STANDARD = gnu17;
				GCC_NO_COMMON_BLOCKS = YES;
				GCC_WARN_64_TO_32_BIT_CONVERSION = YES;
				GCC_WARN_ABOUT_RETURN_TYPE = YES_ERROR;
				GCC_WARN_UNDECLARED_SELECTOR = YES;
				GCC_WARN_UNINITIALIZED_AUTOS = YES_AGGRESSIVE;
				GCC_WARN_UNUSED_FUNCTION = YES;
				GCC_WARN_UNUSED_VARIABLE = YES;
				IPHONEOS_DEPLOYMENT_TARGET = 17.5;
				LOCALIZATION_PREFERS_STRING_CATALOGS = YES;
				MTL_ENABLE_DEBUG_INFO = NO;
				MTL_FAST_MATH = YES;
				SDKROOT = iphoneos;
				SWIFT_COMPILATION_MODE = wholemodule;
				VALIDATE_PRODUCT = YES;
			};
			name = Release;
		};
		858FC8AB2D07A4ED00930CC9 /* Debug */ = {
			isa = XCBuildConfiguration;
			buildSettings = {
				ASSETCATALOG_COMPILER_APPICON_NAME = AppIcon;
				ASSETCATALOG_COMPILER_GLOBAL_ACCENT_COLOR_NAME = AccentColor;
				CODE_SIGN_STYLE = Automatic;
				CURRENT_PROJECT_VERSION = 1;
				DEVELOPMENT_ASSET_PATHS = "\"challenge/Preview Content\"";
				ENABLE_PREVIEWS = YES;
				GENERATE_INFOPLIST_FILE = YES;
				INFOPLIST_KEY_UIApplicationSceneManifest_Generation = YES;
				INFOPLIST_KEY_UIApplicationSupportsIndirectInputEvents = YES;
				INFOPLIST_KEY_UILaunchScreen_Generation = YES;
				INFOPLIST_KEY_UISupportedInterfaceOrientations_iPad = "UIInterfaceOrientationPortrait UIInterfaceOrientationPortraitUpsideDown UIInterfaceOrientationLandscapeLeft UIInterfaceOrientationLandscapeRight";
				INFOPLIST_KEY_UISupportedInterfaceOrientations_iPhone = "UIInterfaceOrientationPortrait UIInterfaceOrientationLandscapeLeft UIInterfaceOrientationLandscapeRight";
				LD_RUNPATH_SEARCH_PATHS = (
					"$(inherited)",
					"@executable_path/Frameworks",
				);
				MARKETING_VERSION = 1.0;
				PRODUCT_BUNDLE_IDENTIFIER = app.challenge;
				PRODUCT_NAME = "$(TARGET_NAME)";
				SWIFT_EMIT_LOC_STRINGS = YES;
				SWIFT_VERSION = 5.0;
				TARGETED_DEVICE_FAMILY = "1,2";
			};
			name = Debug;
		};
		858FC8AC2D07A4ED00930CC9 /* Release */ = {
			isa = XCBuildConfiguration;
			buildSettings = {
				ASSETCATALOG_COMPILER_APPICON_NAME = AppIcon;
				ASSETCATALOG_COMPILER_GLOBAL_ACCENT_COLOR_NAME = AccentColor;
				CODE_SIGN_STYLE = Automatic;
				CURRENT_PROJECT_VERSION = 1;
				DEVELOPMENT_ASSET_PATHS = "\"challenge/Preview Content\"";
				ENABLE_PREVIEWS = YES;
				GENERATE_INFOPLIST_FILE = YES;
				INFOPLIST_KEY_UIApplicationSceneManifest_Generation = YES;
				INFOPLIST_KEY_UIApplicationSupportsIndirectInputEvents = YES;
				INFOPLIST_KEY_UILaunchScreen_Generation = YES;
				INFOPLIST_KEY_UISupportedInterfaceOrientations_iPad = "UIInterfaceOrientationPortrait UIInterfaceOrientationPortraitUpsideDown UIInterfaceOrientationLandscapeLeft UIInterfaceOrientationLandscapeRight";
				INFOPLIST_KEY_UISupportedInterfaceOrientations_iPhone = "UIInterfaceOrientationPortrait UIInterfaceOrientationLandscapeLeft UIInterfaceOrientationLandscapeRight";
				LD_RUNPATH_SEARCH_PATHS = (
					"$(inherited)",
					"@executable_path/Frameworks",
				);
				MARKETING_VERSION = 1.0;
				PRODUCT_BUNDLE_IDENTIFIER = app.challenge;
				PRODUCT_NAME = "$(TARGET_NAME)";
				SWIFT_EMIT_LOC_STRINGS = YES;
				SWIFT_VERSION = 5.0;
				TARGETED_DEVICE_FAMILY = "1,2";
			};
			name = Release;
		};
/* End XCBuildConfiguration section */

/* Begin XCConfigurationList section */
		858FC8972D07A4EB00930CC9 /* Build configuration list for PBXProject "challenge" */ = {
			isa = XCConfigurationList;
			buildConfigurations = (
				858FC8A82D07A4ED00930CC9 /* Debug */,
				858FC8A92D07A4ED00930CC9 /* Release */,
			);
			defaultConfigurationIsVisible = 0;
			defaultConfigurationName = Release;
		};
		858FC8AA2D07A4ED00930CC9 /* Build configuration list for PBXNativeTarget "challenge" */ = {
			isa = XCConfigurationList;
			buildConfigurations = (
				858FC8AB2D07A4ED00930CC9 /* Debug */,
				858FC8AC2D07A4ED00930CC9 /* Release */,
			);
			defaultConfigurationIsVisible = 0;
			defaultConfigurationName = Release;
		};
/* End XCConfigurationList section */
	};
	rootObject = 858FC8942D07A4EB00930CC9 /* Project object */;
}
